
Microsoft Visual Studio Solution File, Format Version 11.00
# Visual Studio 2010
Project("{8BC9CEB8-8B4A-11D0-8D11-00A0C91BC942}") = "网格简化3.0", "网格简化3.0\网格简化3.0.vcxproj", "{F5BA390B-997A-4662-8DC5-CDC4AFFB4EF0}"
EndProject
Global
	GlobalSection(SolutionConfigurationPlatforms) = preSolution
		Debug|Win32 = Debug|Win32
		Release|Win32 = Release|Win32
	EndGlobalSection
	GlobalSection(ProjectConfigurationPlatforms) = postSolution
		{F5BA390B-997A-4662-8DC5-CDC4AFFB4EF0}.Debug|Win32.ActiveCfg = Debug|Win32
		{F5BA390B-997A-4662-8DC5-CDC4AFFB4EF0}.Debug|Win32.Build.0 = Debug|Win32
		{F5BA390B-997A-4662-8DC5-CDC4AFFB4EF0}.Release|Win32.ActiveCfg = Release|Win32
		{F5BA390B-997A-4662-8DC5-CDC4AFFB4EF0}.Release|Win32.Build.0 = Release|Win32
	EndGlobalSection
	GlobalSection(SolutionProperties) = preSolution
		HideSolutionNode = FALSE
	EndGlobalSection
EndGlobal
